
Microsoft Visual Studio Solution File, Format Version 12.00
# Visual Studio Version 17
VisualStudioVersion = 17.7.34202.233
MinimumVisualStudioVersion = 10.0.40219.1
Project("{8BC9CEB8-8B4A-11D0-8D11-00A0C91BC942}") = "Practice", "Practice\Practice.vcxproj", "{74275C51-95D7-4063-93DF-ED344A84DAD1}"
EndProject
Global
	GlobalSection(SolutionConfigurationPlatforms) = preSolution
		Debug|x64 = Debug|x64
		Debug|x86 = Debug|x86
		Release|x64 = Release|x64
		Release|x86 = Release|x86
	EndGlobalSection
	GlobalSection(ProjectConfigurationPlatforms) = postSolution
		{74275C51-95D7-4063-93DF-ED344A84DAD1}.Debug|x64.ActiveCfg = Debug|x64
		{74275C51-95D7-4063-93DF-ED344A84DAD1}.Debug|x64.Build.0 = Debug|x64
		{74275C51-95D7-4063-93DF-ED344A84DAD1}.Debug|x86.ActiveCfg = Debug|Win32
		{74275C51-95D7-4063-93DF-ED344A84DAD1}.Debug|x86.Build.0 = Debug|Win32
		{74275C51-95D7-4063-93DF-ED344A84DAD1}.Release|x64.ActiveCfg = Release|x64
		{74275C51-95D7-4063-93DF-ED344A84DAD1}.Release|x64.Build.0 = Release|x64
		{74275C51-95D7-4063-93DF-ED344A84DAD1}.Release|x86.ActiveCfg = Release|Win32
		{74275C51-95D7-4063-93DF-ED344A84DAD1}.Release|x86.Build.0 = Release|Win32
	EndGlobalSection
	GlobalSection(SolutionProperties) = preSolution
		HideSolutionNode = FALSE
	EndGlobalSection
	GlobalSection(ExtensibilityGlobals) = postSolution
		SolutionGuid = {4CEE05D9-5F11-4630-939C-B0A5A83FB666}
	EndGlobalSection
EndGlobal
